
Microsoft Visual Studio Solution File, Format Version 12.00
# Visual Studio 15
VisualStudioVersion = 15.0.28307.779
MinimumVisualStudioVersion = 10.0.40219.1
Project("{FAE04EC0-301F-11D3-BF4B-00C04F79EFBC}") = "ChushkaExam", "ChushkaExam\ChushkaExam.csproj", "{4A0932AA-A771-4BA4-B35E-7F100FADC8C2}"
EndProject
Project("{FAE04EC0-301F-11D3-BF4B-00C04F79EFBC}") = "ChushkaExam.Infrastructure.Data", "ChushkaExam.Infrastructure.Data\ChushkaExam.Infrastructure.Data.csproj", "{80C823A2-5FD0-4086-B46F-DCBC7E32743A}"
EndProject
Project("{FAE04EC0-301F-11D3-BF4B-00C04F79EFBC}") = "ChushkaExam.Infrastructure.Models", "ChushkaExam.Infrastructure.Models\ChushkaExam.Infrastructure.Models.csproj", "{EC5AD862-EF25-443D-B814-C10FEE103D75}"
EndProject
Global
	GlobalSection(SolutionConfigurationPlatforms) = preSolution
		Debug|Any CPU = Debug|Any CPU
		Release|Any CPU = Release|Any CPU
	EndGlobalSection
	GlobalSection(ProjectConfigurationPlatforms) = postSolution
		{4A0932AA-A771-4BA4-B35E-7F100FADC8C2}.Debug|Any CPU.ActiveCfg = Debug|Any CPU
		{4A0932AA-A771-4BA4-B35E-7F100FADC8C2}.Debug|Any CPU.Build.0 = Debug|Any CPU
		{4A0932AA-A771-4BA4-B35E-7F100FADC8C2}.Release|Any CPU.ActiveCfg = Release|Any CPU
		{4A0932AA-A771-4BA4-B35E-7F100FADC8C2}.Release|Any CPU.Build.0 = Release|Any CPU
		{80C823A2-5FD0-4086-B46F-DCBC7E32743A}.Debug|Any CPU.ActiveCfg = Debug|Any CPU
		{80C823A2-5FD0-4086-B46F-DCBC7E32743A}.Debug|Any CPU.Build.0 = Debug|Any CPU
		{80C823A2-5FD0-4086-B46F-DCBC7E32743A}.Release|Any CPU.ActiveCfg = Release|Any CPU
		{80C823A2-5FD0-4086-B46F-DCBC7E32743A}.Release|Any CPU.Build.0 = Release|Any CPU
		{EC5AD862-EF25-443D-B814-C10FEE103D75}.Debug|Any CPU.ActiveCfg = Debug|Any CPU
		{EC5AD862-EF25-443D-B814-C10FEE103D75}.Debug|Any CPU.Build.0 = Debug|Any CPU
		{EC5AD862-EF25-443D-B814-C10FEE103D75}.Release|Any CPU.ActiveCfg = Release|Any CPU
		{EC5AD862-EF25-443D-B814-C10FEE103D75}.Release|Any CPU.Build.0 = Release|Any CPU
	EndGlobalSection
	GlobalSection(SolutionProperties) = preSolution
		HideSolutionNode = FALSE
	EndGlobalSection
	GlobalSection(ExtensibilityGlobals) = postSolution
		SolutionGuid = {7DAD7FC6-B46B-4639-8C7A-2E711B132554}
	EndGlobalSection
EndGlobal
